
Microsoft Visual Studio Solution File, Format Version 12.00
# Visual Studio Version 16
VisualStudioVersion = 25.0.1706.4
MinimumVisualStudioVersion = 10.0.40219.1
Project("{FAE04EC0-301F-11D3-BF4B-00C04F79EFBC}") = "MySolarCells", "MySolarCells.csproj", "{6C478F27-2C64-4327-94DF-A87AA9F750A0}"
EndProject
Project("{2150E333-8FDC-42A3-9474-1A3956D46DE8}") = "Solution Items", "Solution Items", "{5E296B58-B756-4E7A-9709-1AEF8A8741F4}"
EndProject
Project("{FAE04EC0-301F-11D3-BF4B-00C04F79EFBC}") = "MySolarCellsSQLite", "..\MySolarCellsSQLite\MySolarCellsSQLite.csproj", "{D6AF155A-2B8A-4EAA-AA02-43C39CE57F9A}"
EndProject
Global
	GlobalSection(SolutionConfigurationPlatforms) = preSolution
		Debug|Any CPU = Debug|Any CPU
		Release|Any CPU = Release|Any CPU
	EndGlobalSection
	GlobalSection(ProjectConfigurationPlatforms) = postSolution
		{6C478F27-2C64-4327-94DF-A87AA9F750A0}.Debug|Any CPU.ActiveCfg = Debug|Any CPU
		{6C478F27-2C64-4327-94DF-A87AA9F750A0}.Debug|Any CPU.Build.0 = Debug|Any CPU
		{6C478F27-2C64-4327-94DF-A87AA9F750A0}.Release|Any CPU.ActiveCfg = Release|Any CPU
		{6C478F27-2C64-4327-94DF-A87AA9F750A0}.Release|Any CPU.Build.0 = Release|Any CPU
		{6C478F27-2C64-4327-94DF-A87AA9F750A0}.Debug|Any CPU.Deploy.0 = Debug|Any CPU
		{D6AF155A-2B8A-4EAA-AA02-43C39CE57F9A}.Debug|Any CPU.ActiveCfg = Debug|Any CPU
		{D6AF155A-2B8A-4EAA-AA02-43C39CE57F9A}.Debug|Any CPU.Build.0 = Debug|Any CPU
		{D6AF155A-2B8A-4EAA-AA02-43C39CE57F9A}.Release|Any CPU.ActiveCfg = Release|Any CPU
		{D6AF155A-2B8A-4EAA-AA02-43C39CE57F9A}.Release|Any CPU.Build.0 = Release|Any CPU
	EndGlobalSection
	GlobalSection(SolutionProperties) = preSolution
		HideSolutionNode = FALSE
	EndGlobalSection
	GlobalSection(ExtensibilityGlobals) = postSolution
		SolutionGuid = {0C8E6AF9-7310-43A3-BB79-3E28AFF05D96}
	EndGlobalSection
EndGlobal
